
Microsoft Visual Studio Solution File, Format Version 12.00
# Visual Studio 15
VisualStudioVersion = 15.0.28307.852
MinimumVisualStudioVersion = 10.0.40219.1
Project("{FAE04EC0-301F-11D3-BF4B-00C04F79EFBC}") = "Boschy.Caching", "Boschy.Caching\Boschy.Caching.csproj", "{04C1008A-3EC6-445D-9867-101351A8BC0A}"
EndProject
Project("{FAE04EC0-301F-11D3-BF4B-00C04F79EFBC}") = "Boschy.Caching.Tests", "Boschy.Caching.Tests\Boschy.Caching.Tests.csproj", "{FF7DAAD0-0B45-433E-B124-EAED0291FE83}"
EndProject
Global
	GlobalSection(SolutionConfigurationPlatforms) = preSolution
		Debug|Any CPU = Debug|Any CPU
		Release|Any CPU = Release|Any CPU
	EndGlobalSection
	GlobalSection(ProjectConfigurationPlatforms) = postSolution
		{04C1008A-3EC6-445D-9867-101351A8BC0A}.Debug|Any CPU.ActiveCfg = Debug|Any CPU
		{04C1008A-3EC6-445D-9867-101351A8BC0A}.Debug|Any CPU.Build.0 = Debug|Any CPU
		{04C1008A-3EC6-445D-9867-101351A8BC0A}.Release|Any CPU.ActiveCfg = Release|Any CPU
		{04C1008A-3EC6-445D-9867-101351A8BC0A}.Release|Any CPU.Build.0 = Release|Any CPU
		{FF7DAAD0-0B45-433E-B124-EAED0291FE83}.Debug|Any CPU.ActiveCfg = Debug|Any CPU
		{FF7DAAD0-0B45-433E-B124-EAED0291FE83}.Debug|Any CPU.Build.0 = Debug|Any CPU
		{FF7DAAD0-0B45-433E-B124-EAED0291FE83}.Release|Any CPU.ActiveCfg = Release|Any CPU
		{FF7DAAD0-0B45-433E-B124-EAED0291FE83}.Release|Any CPU.Build.0 = Release|Any CPU
	EndGlobalSection
	GlobalSection(SolutionProperties) = preSolution
		HideSolutionNode = FALSE
	EndGlobalSection
	GlobalSection(ExtensibilityGlobals) = postSolution
		SolutionGuid = {0857C34E-7451-42A9-839E-B29EC49D1A66}
	EndGlobalSection
EndGlobal
